{
  "nodes": {
    "home-manager": {
      "inputs": {
        "nixpkgs": [
          "nixpkgs"
        ]
      },
      "locked": {
        "lastModified": 1651007090,
        "narHash": "sha256-C/OoQRzTUOWEr1sd3xTKA2GudA1YG1XB3MlL6KfTchg=",
        "owner": "nix-community",
        "repo": "home-manager",
        "rev": "778af87a981eb2bfa3566dff8c3fb510856329ef",
        "type": "github"
      },
      "original": {
        "owner": "nix-community",
        "repo": "home-manager",
        "type": "github"
      }
    },
    "nixpkgs": {
      "locked": {
        "lastModified": 1651084822,
        "narHash": "sha256-l18lAcCIUK1DbdKjHd01IBTxmfY2aODKS6qG8SOWY7I=",
        "owner": "nixos",
        "repo": "nixpkgs",
        "rev": "5237f96660dcee1f7d762a304bc29d68c9731283",
        "type": "github"
      },
      "original": {
        "owner": "nixos",
        "ref": "master",
        "repo": "nixpkgs",
        "type": "github"
      }
    },
    "root": {
      "inputs": {
        "home-manager": "home-manager",
        "nixpkgs": "nixpkgs"
      }
    }
  },
  "root": "root",
  "version": 7
}
