{
  "nodes": {
    "home-manager": {
      "inputs": {
        "nixpkgs": [
          "nixpkgs"
        ],
        "utils": "utils"
      },
      "locked": {
        "lastModified": 1673089714,
        "narHash": "sha256-D58SGNOVe+s7r2iewnCA8q68gyrfQcOnD1TdJo1wFLY=",
        "owner": "nix-community",
        "repo": "home-manager",
        "rev": "9e565f0d9d41c19a94f55af205c328ec5177fc0a",
        "type": "github"
      },
      "original": {
        "owner": "nix-community",
        "repo": "home-manager",
        "type": "github"
      }
    },
    "nix-gaming": {
      "inputs": {
        "nixpkgs": "nixpkgs"
      },
      "locked": {
        "lastModified": 1672665710,
        "narHash": "sha256-kK9DB+J7zDSs5H0X0AxEn85VKROLKYnUbPijtZEPrYY=",
        "owner": "fufexan",
        "repo": "nix-gaming",
        "rev": "66c8cbbde08af5a7e87cd3aa4fb4725f20966db2",
        "type": "github"
      },
      "original": {
        "owner": "fufexan",
        "repo": "nix-gaming",
        "type": "github"
      }
    },
    "nixos-hardware": {
      "locked": {
        "lastModified": 1672644464,
        "narHash": "sha256-RYlvRMcQNT7FDoDkViijQBHg9g+blsB+U6AvL/gAsPI=",
        "owner": "NixOS",
        "repo": "nixos-hardware",
        "rev": "ca29e25c39b8e117d4d76a81f1e229824a9b3a26",
        "type": "github"
      },
      "original": {
        "owner": "NixOS",
        "ref": "master",
        "repo": "nixos-hardware",
        "type": "github"
      }
    },
    "nixos-vscode-server": {
      "inputs": {
        "nixpkgs": "nixpkgs_2"
      },
      "locked": {
        "lastModified": 1662442857,
        "narHash": "sha256-e2ex4mO4q6UBoJvPSRdYBX1vIvpulqs6SNxvdSsL6uE=",
        "owner": "msteen",
        "repo": "nixos-vscode-server",
        "rev": "c54b714db58ad05d064f394d6603751ee6bd04f6",
        "type": "github"
      },
      "original": {
        "owner": "msteen",
        "repo": "nixos-vscode-server",
        "type": "github"
      }
    },
    "nixpkgs": {
      "locked": {
        "lastModified": 1663491030,
        "narHash": "sha256-MVsfBhE9US5DvLtBAaTRjwYdv1tLO8xjahM8qLXTgTo=",
        "owner": "NixOS",
        "repo": "nixpkgs",
        "rev": "767542707d394ff15ac1981e903e005ba69528b5",
        "type": "github"
      },
      "original": {
        "owner": "NixOS",
        "ref": "nixpkgs-unstable",
        "repo": "nixpkgs",
        "type": "github"
      }
    },
    "nixpkgs_2": {
      "locked": {
        "lastModified": 1655361562,
        "narHash": "sha256-chPaIIhmdL6jdZWpf/K6yQCsuBNOYuMqbJsNpLfrdTE=",
        "owner": "NixOS",
        "repo": "nixpkgs",
        "rev": "0b59d075675dc28bf9ebab466033280096c8d4fe",
        "type": "github"
      },
      "original": {
        "id": "nixpkgs",
        "type": "indirect"
      }
    },
    "nixpkgs_3": {
      "locked": {
        "lastModified": 1673206001,
        "narHash": "sha256-0kjbzOxWkbMUrDu0H895IlGzaB5JtXoNDzk94k5YkC0=",
        "owner": "nixos",
        "repo": "nixpkgs",
        "rev": "03e0baa2148016d6f9cb1c0cfb48855ae9d47171",
        "type": "github"
      },
      "original": {
        "owner": "nixos",
        "ref": "master",
        "repo": "nixpkgs",
        "type": "github"
      }
    },
    "root": {
      "inputs": {
        "home-manager": "home-manager",
        "nix-gaming": "nix-gaming",
        "nixos-hardware": "nixos-hardware",
        "nixos-vscode-server": "nixos-vscode-server",
        "nixpkgs": "nixpkgs_3"
      }
    },
    "utils": {
      "locked": {
        "lastModified": 1667395993,
        "narHash": "sha256-nuEHfE/LcWyuSWnS8t12N1wc105Qtau+/OdUAjtQ0rA=",
        "owner": "numtide",
        "repo": "flake-utils",
        "rev": "5aed5285a952e0b949eb3ba02c12fa4fcfef535f",
        "type": "github"
      },
      "original": {
        "owner": "numtide",
        "repo": "flake-utils",
        "type": "github"
      }
    }
  },
  "root": "root",
  "version": 7
}
